# This file is automatically @generated by Cargo.
# It is not intended for manual editing.
version = 4

[[package]]
name = "RustTest"
version = "0.0.0"
dependencies = [
 "chifir",
]

[[package]]
name = "chifir"
version = "0.0.0"
dependencies = [
 "target-lexicon",
]

[[package]]
name = "target-lexicon"
version = "0.13.1"
source = "registry+https://github.com/rust-lang/crates.io-index"
checksum = "dc12939a1c9b9d391e0b7135f72fd30508b73450753e28341fed159317582a77"
